
Microsoft Visual Studio Solution File, Format Version 11.00
# Visual Studio 2010
Project("{FAE04EC0-301F-11D3-BF4B-00C04F79EFBC}") = "project_Racing", "Assembly-CSharp.csproj", "{5EF83596-9DD5-90C8-52E0-EAC122269508}"
EndProject
Project("{FAE04EC0-301F-11D3-BF4B-00C04F79EFBC}") = "project_Racing", "Assembly-CSharp-firstpass.csproj", "{B28F8AE9-7BB9-2299-2321-2447A0E4D0E1}"
EndProject
Project("{FAE04EC0-301F-11D3-BF4B-00C04F79EFBC}") = "project_Racing", "Assembly-CSharp-Editor-firstpass.csproj", "{7A36AB2A-60D8-ABE5-F2CA-26A7EC7FAE54}"
EndProject
Global
	GlobalSection(SolutionConfigurationPlatforms) = preSolution
		Debug|Any CPU = Debug|Any CPU
		Release|Any CPU = Release|Any CPU
	EndGlobalSection
	GlobalSection(ProjectConfigurationPlatforms) = postSolution
		{5EF83596-9DD5-90C8-52E0-EAC122269508}.Debug|Any CPU.ActiveCfg = Debug|Any CPU
		{5EF83596-9DD5-90C8-52E0-EAC122269508}.Debug|Any CPU.Build.0 = Debug|Any CPU
		{5EF83596-9DD5-90C8-52E0-EAC122269508}.Release|Any CPU.ActiveCfg = Release|Any CPU
		{5EF83596-9DD5-90C8-52E0-EAC122269508}.Release|Any CPU.Build.0 = Release|Any CPU
		{B28F8AE9-7BB9-2299-2321-2447A0E4D0E1}.Debug|Any CPU.ActiveCfg = Debug|Any CPU
		{B28F8AE9-7BB9-2299-2321-2447A0E4D0E1}.Debug|Any CPU.Build.0 = Debug|Any CPU
		{B28F8AE9-7BB9-2299-2321-2447A0E4D0E1}.Release|Any CPU.ActiveCfg = Release|Any CPU
		{B28F8AE9-7BB9-2299-2321-2447A0E4D0E1}.Release|Any CPU.Build.0 = Release|Any CPU
		{7A36AB2A-60D8-ABE5-F2CA-26A7EC7FAE54}.Debug|Any CPU.ActiveCfg = Debug|Any CPU
		{7A36AB2A-60D8-ABE5-F2CA-26A7EC7FAE54}.Debug|Any CPU.Build.0 = Debug|Any CPU
		{7A36AB2A-60D8-ABE5-F2CA-26A7EC7FAE54}.Release|Any CPU.ActiveCfg = Release|Any CPU
		{7A36AB2A-60D8-ABE5-F2CA-26A7EC7FAE54}.Release|Any CPU.Build.0 = Release|Any CPU
	EndGlobalSection
	GlobalSection(SolutionProperties) = preSolution
		HideSolutionNode = FALSE
	EndGlobalSection
	GlobalSection(MonoDevelopProperties) = preSolution
		StartupItem = Assembly-CSharp.csproj
	EndGlobalSection
EndGlobal
